
Microsoft Visual Studio Solution File, Format Version 12.00
# Visual Studio Version 17
VisualStudioVersion = 17.7.34003.232
MinimumVisualStudioVersion = 10.0.40219.1
Project("{9A19103F-16F7-4668-BE54-9A1E7A4F7556}") = "DAL", "DAL\DAL.csproj", "{04E7AB48-06F2-4CFE-A7CC-DC37F774A254}"
EndProject
Project("{9A19103F-16F7-4668-BE54-9A1E7A4F7556}") = "DTO", "DTO\DTO.csproj", "{2BAE4C40-690A-4263-ACD5-F39FEC7B2A22}"
EndProject
Project("{9A19103F-16F7-4668-BE54-9A1E7A4F7556}") = "GUI", "GUI\GUI.csproj", "{0A13CB5F-2F86-4670-9D11-BF1ED928024E}"
EndProject
Global
	GlobalSection(SolutionConfigurationPlatforms) = preSolution
		Debug|Any CPU = Debug|Any CPU
		Release|Any CPU = Release|Any CPU
	EndGlobalSection
	GlobalSection(ProjectConfigurationPlatforms) = postSolution
		{04E7AB48-06F2-4CFE-A7CC-DC37F774A254}.Debug|Any CPU.ActiveCfg = Debug|Any CPU
		{04E7AB48-06F2-4CFE-A7CC-DC37F774A254}.Debug|Any CPU.Build.0 = Debug|Any CPU
		{04E7AB48-06F2-4CFE-A7CC-DC37F774A254}.Release|Any CPU.ActiveCfg = Release|Any CPU
		{04E7AB48-06F2-4CFE-A7CC-DC37F774A254}.Release|Any CPU.Build.0 = Release|Any CPU
		{2BAE4C40-690A-4263-ACD5-F39FEC7B2A22}.Debug|Any CPU.ActiveCfg = Debug|Any CPU
		{2BAE4C40-690A-4263-ACD5-F39FEC7B2A22}.Debug|Any CPU.Build.0 = Debug|Any CPU
		{2BAE4C40-690A-4263-ACD5-F39FEC7B2A22}.Release|Any CPU.ActiveCfg = Release|Any CPU
		{2BAE4C40-690A-4263-ACD5-F39FEC7B2A22}.Release|Any CPU.Build.0 = Release|Any CPU
		{0A13CB5F-2F86-4670-9D11-BF1ED928024E}.Debug|Any CPU.ActiveCfg = Debug|Any CPU
		{0A13CB5F-2F86-4670-9D11-BF1ED928024E}.Debug|Any CPU.Build.0 = Debug|Any CPU
		{0A13CB5F-2F86-4670-9D11-BF1ED928024E}.Release|Any CPU.ActiveCfg = Release|Any CPU
		{0A13CB5F-2F86-4670-9D11-BF1ED928024E}.Release|Any CPU.Build.0 = Release|Any CPU
	EndGlobalSection
	GlobalSection(SolutionProperties) = preSolution
		HideSolutionNode = FALSE
	EndGlobalSection
	GlobalSection(ExtensibilityGlobals) = postSolution
		SolutionGuid = {0BE1C949-489F-4876-B5BD-E4A1AEEA670C}
	EndGlobalSection
EndGlobal
